{
    "_readme": [
        "This file locks the dependencies of your project to a known state",
        "Read more about it at http://getcomposer.org/doc/01-basic-usage.md#composer-lock-the-lock-file",
        "This file is @generated automatically"
    ],
    "hash": "6e20facfda79d48531476f74b120f75a",
    "packages": [
        {
            "name": "CityOfPhiladelphia/phila.gov-customization",
            "version": "0.3.3",
            "source": {
                "type": "git",
                "url": "https://github.com/CityOfPhiladelphia/phila.gov-customization.git",
                "reference": "3c3c4e053496da3e00d3678c0807b69405d42973"
            },
            "dist": {
                "type": "zip",
                "url": "https://api.github.com/repos/CityOfPhiladelphia/phila.gov-customization/zipball/3c3c4e053496da3e00d3678c0807b69405d42973",
                "reference": "3c3c4e053496da3e00d3678c0807b69405d42973",
                "shasum": ""
            },
            "require": {
                "composer/installers": "~1.0"
            },
            "type": "wordpress-plugin",
            "support": {
                "source": "https://github.com/CityOfPhiladelphia/phila.gov-customization/tree/0.3.3",
                "issues": "https://github.com/CityOfPhiladelphia/phila.gov-customization/issues"
            },
            "time": "2014-12-18 20:34:16"
        },
        {
            "name": "CityOfPhiladelphia/phila.gov-styles",
            "version": "0.6.1",
            "source": {
                "type": "git",
                "url": "https://github.com/CityOfPhiladelphia/phila.gov-styles.git",
                "reference": "0dc9120552f8ec4ee99250014f23871752e1c35e"
            },
            "dist": {
                "type": "zip",
                "url": "https://api.github.com/repos/CityOfPhiladelphia/phila.gov-styles/zipball/0dc9120552f8ec4ee99250014f23871752e1c35e",
                "reference": "0dc9120552f8ec4ee99250014f23871752e1c35e",
                "shasum": ""
            },
            "require": {
                "composer/installers": "~1.0"
            },
            "type": "wordpress-theme",
            "support": {
                "source": "https://github.com/CityOfPhiladelphia/phila.gov-styles/tree/0.6.1",
                "issues": "https://github.com/CityOfPhiladelphia/phila.gov-styles/issues"
            },
            "time": "2014-12-19 21:54:37"
        },
        {
            "name": "CityOfPhiladelphia/phila.gov-theme",
            "version": "0.9.1",
            "source": {
                "type": "git",
                "url": "https://github.com/CityOfPhiladelphia/phila.gov-theme.git",
                "reference": "14f1fbb12605e836d644ac6d573d60219b393ecd"
            },
            "dist": {
                "type": "zip",
                "url": "https://api.github.com/repos/CityOfPhiladelphia/phila.gov-theme/zipball/14f1fbb12605e836d644ac6d573d60219b393ecd",
                "reference": "14f1fbb12605e836d644ac6d573d60219b393ecd",
                "shasum": ""
            },
            "require": {
                "composer/installers": "~1.0"
            },
            "type": "wordpress-theme",
            "support": {
                "source": "https://github.com/CityOfPhiladelphia/phila.gov-theme/tree/0.9.1",
                "issues": "https://github.com/CityOfPhiladelphia/phila.gov-theme/issues"
            },
            "time": "2014-12-19 21:53:18"
        },
        {
            "name": "composer/installers",
            "version": "v1.0.19",
            "source": {
                "type": "git",
                "url": "https://github.com/composer/installers.git",
                "reference": "89d77bfbee79e16653f7162c86e602cc188471db"
            },
            "dist": {
                "type": "zip",
                "url": "https://api.github.com/repos/composer/installers/zipball/89d77bfbee79e16653f7162c86e602cc188471db",
                "reference": "89d77bfbee79e16653f7162c86e602cc188471db",
                "shasum": ""
            },
            "replace": {
                "roundcube/plugin-installer": "*",
                "shama/baton": "*"
            },
            "require-dev": {
                "composer/composer": "1.0.*@dev",
                "phpunit/phpunit": "4.1.*"
            },
            "type": "composer-installer",
            "extra": {
                "class": "Composer\\Installers\\Installer",
                "branch-alias": {
                    "dev-master": "1.0-dev"
                }
            },
            "autoload": {
                "psr-0": {
                    "Composer\\Installers\\": "src/"
                }
            },
            "notification-url": "https://packagist.org/downloads/",
            "license": [
                "MIT"
            ],
            "authors": [
                {
                    "name": "Kyle Robinson Young",
                    "email": "kyle@dontkry.com",
                    "homepage": "https://github.com/shama"
                }
            ],
            "description": "A multi-framework Composer library installer",
            "homepage": "http://composer.github.com/installers/",
            "keywords": [
                "Craft",
                "Dolibarr",
                "Hurad",
                "MODX Evo",
                "OXID",
                "Thelia",
                "WolfCMS",
                "agl",
                "annotatecms",
                "bitrix",
                "cakephp",
                "chef",
                "codeigniter",
                "concrete5",
                "croogo",
                "dokuwiki",
                "drupal",
                "elgg",
                "fuelphp",
                "grav",
                "installer",
                "joomla",
                "kohana",
                "laravel",
                "lithium",
                "magento",
                "mako",
                "mediawiki",
                "modulework",
                "moodle",
                "phpbb",
                "piwik",
                "ppi",
                "puppet",
                "roundcube",
                "shopware",
                "silverstripe",
                "symfony",
                "typo3",
                "wordpress",
                "zend",
                "zikula"
            ],
            "time": "2014-11-29 01:29:17"
        },
        {
            "name": "johnpbloch/wordpress",
            "version": "4.1",
            "source": {
                "type": "git",
                "url": "https://github.com/johnpbloch/wordpress.git",
                "reference": "fced41fbfeb6b6a1f48f505426da0cb392d44274"
            },
            "dist": {
                "type": "zip",
                "url": "https://api.github.com/repos/johnpbloch/wordpress/zipball/fced41fbfeb6b6a1f48f505426da0cb392d44274",
                "reference": "fced41fbfeb6b6a1f48f505426da0cb392d44274",
                "shasum": ""
            },
            "require": {
                "johnpbloch/wordpress-core-installer": "~0.2",
                "php": ">=5.3.2"
            },
            "type": "wordpress-core",
            "notification-url": "https://packagist.org/downloads/",
            "license": [
                "GPL-2.0+"
            ],
            "authors": [
                {
                    "name": "WordPress Community",
                    "homepage": "http://wordpress.org/about/"
                }
            ],
            "description": "WordPress is web software you can use to create a beautiful website or blog.",
            "homepage": "http://wordpress.org/",
            "keywords": [
                "blog",
                "cms"
            ],
            "time": "2014-12-18 18:31:41"
        },
        {
            "name": "johnpbloch/wordpress-core-installer",
            "version": "0.2.0",
            "source": {
                "type": "git",
                "url": "https://github.com/johnpbloch/wordpress-core-installer.git",
                "reference": "a4c08e91be99e858c7778c2f52a4d73820147c2e"
            },
            "dist": {
                "type": "zip",
                "url": "https://api.github.com/repos/johnpbloch/wordpress-core-installer/zipball/a4c08e91be99e858c7778c2f52a4d73820147c2e",
                "reference": "a4c08e91be99e858c7778c2f52a4d73820147c2e",
                "shasum": ""
            },
            "require": {
                "composer-plugin-api": "1.0.0"
            },
            "conflict": {
                "composer/installers": "<1.0.6"
            },
            "require-dev": {
                "composer/composer": "1.0.*@dev"
            },
            "type": "composer-plugin",
            "extra": {
                "class": "johnpbloch\\Composer\\WordPressCorePlugin"
            },
            "autoload": {
                "psr-0": {
                    "johnpbloch\\Composer\\": "src/"
                }
            },
            "notification-url": "https://packagist.org/downloads/",
            "license": [
                "GPL-2.0+"
            ],
            "authors": [
                {
                    "name": "John P. Bloch",
                    "email": "me@johnpbloch.com"
                }
            ],
            "description": "A custom installer to handle deploying WordPress with composer",
            "time": "2013-09-09 15:04:54"
        },
        {
            "name": "wpackagist-plugin/amazon-s3-and-cloudfront",
            "version": "0.7.2",
            "source": {
                "type": "svn",
                "url": "http://plugins.svn.wordpress.org/amazon-s3-and-cloudfront/",
                "reference": "tags/0.7.2"
            },
            "dist": {
                "type": "zip",
                "url": "http://downloads.wordpress.org/plugin/amazon-s3-and-cloudfront.0.7.2.zip",
                "reference": null,
                "shasum": null
            },
            "require": {
                "composer/installers": "~1.0"
            },
            "type": "wordpress-plugin",
            "homepage": "http://wordpress.org/plugins/amazon-s3-and-cloudfront/"
        },
        {
            "name": "wpackagist-plugin/amazon-web-services",
            "version": "0.2",
            "source": {
                "type": "svn",
                "url": "http://plugins.svn.wordpress.org/amazon-web-services/",
                "reference": "tags/0.2"
            },
            "dist": {
                "type": "zip",
                "url": "http://downloads.wordpress.org/plugin/amazon-web-services.0.2.zip",
                "reference": null,
                "shasum": null
            },
            "require": {
                "composer/installers": "~1.0"
            },
            "type": "wordpress-plugin",
            "homepage": "http://wordpress.org/plugins/amazon-web-services/"
        },
        {
            "name": "wpackagist-plugin/meta-box",
            "version": "4.4.1",
            "source": {
                "type": "svn",
                "url": "http://plugins.svn.wordpress.org/meta-box/",
                "reference": "tags/4.4.1"
            },
            "dist": {
                "type": "zip",
                "url": "http://downloads.wordpress.org/plugin/meta-box.4.4.1.zip",
                "reference": null,
                "shasum": null
            },
            "require": {
                "composer/installers": "~1.0"
            },
            "type": "wordpress-plugin",
            "homepage": "http://wordpress.org/plugins/meta-box/"
        },
        {
            "name": "wpackagist-plugin/restrict-categories",
            "version": "2.6.3",
            "source": {
                "type": "svn",
                "url": "http://plugins.svn.wordpress.org/restrict-categories/",
                "reference": "tags/2.6.3"
            },
            "dist": {
                "type": "zip",
                "url": "http://downloads.wordpress.org/plugin/restrict-categories.2.6.3.zip",
                "reference": null,
                "shasum": null
            },
            "require": {
                "composer/installers": "~1.0"
            },
            "type": "wordpress-plugin",
            "homepage": "http://wordpress.org/plugins/restrict-categories/"
        },
        {
            "name": "wpackagist-plugin/swiftype-search",
            "version": "1.1.39",
            "source": {
                "type": "svn",
                "url": "http://plugins.svn.wordpress.org/swiftype-search/",
                "reference": "tags/1.1.39"
            },
            "dist": {
                "type": "zip",
                "url": "http://downloads.wordpress.org/plugin/swiftype-search.1.1.39.zip",
                "reference": null,
                "shasum": null
            },
            "require": {
                "composer/installers": "~1.0"
            },
            "type": "wordpress-plugin",
            "homepage": "http://wordpress.org/plugins/swiftype-search/"
        },
        {
            "name": "wpackagist-plugin/wordpress-importer",
            "version": "0.6.1",
            "source": {
                "type": "svn",
                "url": "http://plugins.svn.wordpress.org/wordpress-importer/",
                "reference": "tags/0.6.1"
            },
            "dist": {
                "type": "zip",
                "url": "http://downloads.wordpress.org/plugin/wordpress-importer.0.6.1.zip",
                "reference": null,
                "shasum": null
            },
            "require": {
                "composer/installers": "~1.0"
            },
            "type": "wordpress-plugin",
            "homepage": "http://wordpress.org/plugins/wordpress-importer/"
        },
        {
            "name": "wpackagist-plugin/wpfront-user-role-editor",
            "version": "2.3",
            "source": {
                "type": "svn",
                "url": "http://plugins.svn.wordpress.org/wpfront-user-role-editor/",
                "reference": "tags/2.3"
            },
            "dist": {
                "type": "zip",
                "url": "http://downloads.wordpress.org/plugin/wpfront-user-role-editor.2.3.zip",
                "reference": null,
                "shasum": null
            },
            "require": {
                "composer/installers": "~1.0"
            },
            "type": "wordpress-plugin",
            "homepage": "http://wordpress.org/plugins/wpfront-user-role-editor/"
        }
    ],
    "packages-dev": [],
    "aliases": [],
    "minimum-stability": "stable",
    "stability-flags": [],
    "prefer-stable": false,
    "prefer-lowest": false,
    "platform": [],
    "platform-dev": []
}
