{
    "_readme": [
        "This file locks the dependencies of your project to a known state",
        "Read more about it at http://getcomposer.org/doc/01-basic-usage.md#composer-lock-the-lock-file"
    ],
    "hash": "4bc0d4541de11aaaec2d6ceb4132155a",
    "packages": [
        {
            "name": "CityOfPhiladelphia/phila.gov-customization",
            "version": "0.3.0",
            "source": {
                "type": "git",
                "url": "https://github.com/CityOfPhiladelphia/phila.gov-customization.git",
                "reference": "7b91472e5fbf93b2eaf53fd8c97140f59bfb1fb0"
            },
            "dist": {
                "type": "zip",
                "url": "https://api.github.com/repos/CityOfPhiladelphia/phila.gov-customization/zipball/7b91472e5fbf93b2eaf53fd8c97140f59bfb1fb0",
                "reference": "7b91472e5fbf93b2eaf53fd8c97140f59bfb1fb0",
                "shasum": ""
            },
            "require": {
                "composer/installers": "~1.0"
            },
            "type": "wordpress-plugin",
            "support": {
                "source": "https://github.com/CityOfPhiladelphia/phila.gov-customization/tree/0.3.0",
                "issues": "https://github.com/CityOfPhiladelphia/phila.gov-customization/issues"
            },
            "time": "2014-12-15 20:21:18"
        },
        {
            "name": "CityOfPhiladelphia/phila.gov-styles",
            "version": "0.4.7",
            "source": {
                "type": "git",
                "url": "https://github.com/CityOfPhiladelphia/phila.gov-styles.git",
                "reference": "1d1113eecf41cfb10be7bf6a50195d19600453c5"
            },
            "dist": {
                "type": "zip",
                "url": "https://api.github.com/repos/CityOfPhiladelphia/phila.gov-styles/zipball/1d1113eecf41cfb10be7bf6a50195d19600453c5",
                "reference": "1d1113eecf41cfb10be7bf6a50195d19600453c5",
                "shasum": ""
            },
            "require": {
                "composer/installers": "~1.0"
            },
            "type": "wordpress-theme",
            "support": {
                "source": "https://github.com/CityOfPhiladelphia/phila.gov-styles/tree/0.4.7",
                "issues": "https://github.com/CityOfPhiladelphia/phila.gov-styles/issues"
            },
            "time": "2014-12-16 19:12:39"
        },
        {
            "name": "CityOfPhiladelphia/phila.gov-theme",
            "version": "0.6.3",
            "source": {
                "type": "git",
                "url": "https://github.com/CityOfPhiladelphia/phila.gov-theme.git",
                "reference": "672abfbebd3b6654309a42d02003f5798a124a96"
            },
            "dist": {
                "type": "zip",
                "url": "https://api.github.com/repos/CityOfPhiladelphia/phila.gov-theme/zipball/672abfbebd3b6654309a42d02003f5798a124a96",
                "reference": "672abfbebd3b6654309a42d02003f5798a124a96",
                "shasum": ""
            },
            "require": {
                "composer/installers": "~1.0"
            },
            "type": "wordpress-theme",
            "support": {
                "source": "https://github.com/CityOfPhiladelphia/phila.gov-theme/tree/0.6.3",
                "issues": "https://github.com/CityOfPhiladelphia/phila.gov-theme/issues"
            },
            "time": "2014-12-16 15:51:35"
        },
        {
            "name": "composer/installers",
            "version": "v1.0.19",
            "source": {
                "type": "git",
                "url": "https://github.com/composer/installers.git",
                "reference": "89d77bfbee79e16653f7162c86e602cc188471db"
            },
            "dist": {
                "type": "zip",
                "url": "https://api.github.com/repos/composer/installers/zipball/89d77bfbee79e16653f7162c86e602cc188471db",
                "reference": "89d77bfbee79e16653f7162c86e602cc188471db",
                "shasum": ""
            },
            "replace": {
                "roundcube/plugin-installer": "*",
                "shama/baton": "*"
            },
            "require-dev": {
                "composer/composer": "1.0.*@dev",
                "phpunit/phpunit": "4.1.*"
            },
            "type": "composer-installer",
            "extra": {
                "class": "Composer\\Installers\\Installer",
                "branch-alias": {
                    "dev-master": "1.0-dev"
                }
            },
            "autoload": {
                "psr-0": {
                    "Composer\\Installers\\": "src/"
                }
            },
            "notification-url": "https://packagist.org/downloads/",
            "license": [
                "MIT"
            ],
            "authors": [
                {
                    "name": "Kyle Robinson Young",
                    "email": "kyle@dontkry.com",
                    "homepage": "https://github.com/shama"
                }
            ],
            "description": "A multi-framework Composer library installer",
            "homepage": "http://composer.github.com/installers/",
            "keywords": [
                "Craft",
                "Dolibarr",
                "Hurad",
                "MODX Evo",
                "OXID",
                "Thelia",
                "WolfCMS",
                "agl",
                "annotatecms",
                "bitrix",
                "cakephp",
                "chef",
                "codeigniter",
                "concrete5",
                "croogo",
                "dokuwiki",
                "drupal",
                "elgg",
                "fuelphp",
                "grav",
                "installer",
                "joomla",
                "kohana",
                "laravel",
                "lithium",
                "magento",
                "mako",
                "mediawiki",
                "modulework",
                "moodle",
                "phpbb",
                "piwik",
                "ppi",
                "puppet",
                "roundcube",
                "shopware",
                "silverstripe",
                "symfony",
                "typo3",
                "wordpress",
                "zend",
                "zikula"
            ],
            "time": "2014-11-29 01:29:17"
        },
        {
            "name": "johnpbloch/wordpress",
            "version": "4.0.1",
            "source": {
                "type": "git",
                "url": "https://github.com/johnpbloch/wordpress.git",
                "reference": "bbc5e56449860b183aafbe7df97ca137594073a4"
            },
            "dist": {
                "type": "zip",
                "url": "https://api.github.com/repos/johnpbloch/wordpress/zipball/bbc5e56449860b183aafbe7df97ca137594073a4",
                "reference": "bbc5e56449860b183aafbe7df97ca137594073a4",
                "shasum": ""
            },
            "require": {
                "johnpbloch/wordpress-core-installer": "~0.2",
                "php": ">=5.3.2"
            },
            "type": "wordpress-core",
            "notification-url": "https://packagist.org/downloads/",
            "license": [
                "GPL-2.0+"
            ],
            "authors": [
                {
                    "name": "WordPress Community",
                    "homepage": "http://wordpress.org/about/"
                }
            ],
            "description": "WordPress is web software you can use to create a beautiful website or blog.",
            "homepage": "http://wordpress.org/",
            "keywords": [
                "blog",
                "cms"
            ],
            "time": "2014-11-20 17:45:59"
        },
        {
            "name": "johnpbloch/wordpress-core-installer",
            "version": "0.2.0",
            "source": {
                "type": "git",
                "url": "https://github.com/johnpbloch/wordpress-core-installer.git",
                "reference": "a4c08e91be99e858c7778c2f52a4d73820147c2e"
            },
            "dist": {
                "type": "zip",
                "url": "https://api.github.com/repos/johnpbloch/wordpress-core-installer/zipball/a4c08e91be99e858c7778c2f52a4d73820147c2e",
                "reference": "a4c08e91be99e858c7778c2f52a4d73820147c2e",
                "shasum": ""
            },
            "require": {
                "composer-plugin-api": "1.0.0"
            },
            "conflict": {
                "composer/installers": "<1.0.6"
            },
            "require-dev": {
                "composer/composer": "1.0.*@dev"
            },
            "type": "composer-plugin",
            "extra": {
                "class": "johnpbloch\\Composer\\WordPressCorePlugin"
            },
            "autoload": {
                "psr-0": {
                    "johnpbloch\\Composer\\": "src/"
                }
            },
            "notification-url": "https://packagist.org/downloads/",
            "license": [
                "GPL-2.0+"
            ],
            "authors": [
                {
                    "name": "John P. Bloch",
                    "email": "me@johnpbloch.com"
                }
            ],
            "description": "A custom installer to handle deploying WordPress with composer",
            "time": "2013-09-09 15:04:54"
        },
        {
            "name": "wpackagist-plugin/meta-box",
            "version": "4.4.1",
            "source": {
                "type": "svn",
                "url": "http://plugins.svn.wordpress.org/meta-box/",
                "reference": "tags/4.4.1"
            },
            "dist": {
                "type": "zip",
                "url": "http://downloads.wordpress.org/plugin/meta-box.4.4.1.zip",
                "reference": null,
                "shasum": null
            },
            "require": {
                "composer/installers": "~1.0"
            },
            "type": "wordpress-plugin",
            "homepage": "http://wordpress.org/plugins/meta-box/"
        },
        {
            "name": "wpackagist-plugin/restrict-categories",
            "version": "2.6.3",
            "source": {
                "type": "svn",
                "url": "http://plugins.svn.wordpress.org/restrict-categories/",
                "reference": "tags/2.6.3"
            },
            "dist": {
                "type": "zip",
                "url": "http://downloads.wordpress.org/plugin/restrict-categories.2.6.3.zip",
                "reference": null,
                "shasum": null
            },
            "require": {
                "composer/installers": "~1.0"
            },
            "replace": {
                "wpackagist/restrict-categories": "self.version"
            },
            "type": "wordpress-plugin",
            "homepage": "http://wordpress.org/plugins/restrict-categories/"
        },
        {
            "name": "wpackagist-plugin/wordpress-importer",
            "version": "0.6.1",
            "source": {
                "type": "svn",
                "url": "http://plugins.svn.wordpress.org/wordpress-importer/",
                "reference": "tags/0.6.1"
            },
            "dist": {
                "type": "zip",
                "url": "http://downloads.wordpress.org/plugin/wordpress-importer.0.6.1.zip",
                "reference": null,
                "shasum": null
            },
            "require": {
                "composer/installers": "~1.0"
            },
            "replace": {
                "wpackagist/wordpress-importer": "self.version"
            },
            "type": "wordpress-plugin",
            "homepage": "http://wordpress.org/plugins/wordpress-importer/"
        },
        {
            "name": "wpackagist-plugin/wpfront-user-role-editor",
            "version": "2.3",
            "source": {
                "type": "svn",
                "url": "http://plugins.svn.wordpress.org/wpfront-user-role-editor/",
                "reference": "tags/2.3"
            },
            "dist": {
                "type": "zip",
                "url": "http://downloads.wordpress.org/plugin/wpfront-user-role-editor.2.3.zip",
                "reference": null,
                "shasum": null
            },
            "require": {
                "composer/installers": "~1.0"
            },
            "type": "wordpress-plugin",
            "homepage": "http://wordpress.org/plugins/wpfront-user-role-editor/"
        }
    ],
    "packages-dev": [

    ],
    "aliases": [

    ],
    "minimum-stability": "stable",
    "stability-flags": [

    ],
    "platform": [

    ],
    "platform-dev": [

    ]
}
